// !$*UTF8*$!
{
	archiveVersion = 1;
	classes = {
	};
	objectVersion = 48;
	objects = {

/* Begin PBXBuildFile section */
		42625EDA1DBD5E99BE05EBAA /* Pods_PersonalRecordsTests.framework in Frameworks */ = {isa = PBXBuildFile; fileRef = 7F798AE4213211EA93358859 /* Pods_PersonalRecordsTests.framework */; };
		D408F1BE20DB5B5D008A0072 /* AllowableStringValues.swift in Sources */ = {isa = PBXBuildFile; fileRef = D408F1BD20DB5B5D008A0072 /* AllowableStringValues.swift */; };
		D408F1C020DB5C3A008A0072 /* AllowableCharactersTests.swift in Sources */ = {isa = PBXBuildFile; fileRef = D408F1BF20DB5C3A008A0072 /* AllowableCharactersTests.swift */; };
		D408F1C220DC8F12008A0072 /* CustomTimePickerTests.swift in Sources */ = {isa = PBXBuildFile; fileRef = D408F1C120DC8F12008A0072 /* CustomTimePickerTests.swift */; };
		D4201D2A20D1FBB20091FA60 /* RecordModelManagerTests.swift in Sources */ = {isa = PBXBuildFile; fileRef = D4201D2920D1FBB20091FA60 /* RecordModelManagerTests.swift */; };
		D4223D952120F7C5003A8075 /* JsonTemplateReader.swift in Sources */ = {isa = PBXBuildFile; fileRef = D4223D942120F7C5003A8075 /* JsonTemplateReader.swift */; };
		D4223D972120F7ED003A8075 /* TemplateData.swift in Sources */ = {isa = PBXBuildFile; fileRef = D4223D962120F7ED003A8075 /* TemplateData.swift */; };
		D4223D9A2120F844003A8075 /* JsonTemplateReaderTests.swift in Sources */ = {isa = PBXBuildFile; fileRef = D4223D992120F844003A8075 /* JsonTemplateReaderTests.swift */; };
		D4223D9D2120F951003A8075 /* SingleTemplate.json in Resources */ = {isa = PBXBuildFile; fileRef = D4223D9C2120F92C003A8075 /* SingleTemplate.json */; };
		D4223D9F21210AE0003A8075 /* UnboxableExtensions.swift in Sources */ = {isa = PBXBuildFile; fileRef = D4223D9E21210AE0003A8075 /* UnboxableExtensions.swift */; };
		D433FA6320F6E08A009C3678 /* LoginViewController.swift in Sources */ = {isa = PBXBuildFile; fileRef = D433FA6220F6E08A009C3678 /* LoginViewController.swift */; };
		D433FA6620F6E14A009C3678 /* LoginChecker.swift in Sources */ = {isa = PBXBuildFile; fileRef = D433FA6520F6E14A009C3678 /* LoginChecker.swift */; };
		D433FA6920F70C07009C3678 /* FakeLoginChecker.swift in Sources */ = {isa = PBXBuildFile; fileRef = D433FA6820F70C07009C3678 /* FakeLoginChecker.swift */; };
		D43F4C9B20D341D100470C71 /* RecordModelManager.swift in Sources */ = {isa = PBXBuildFile; fileRef = D43F4C9A20D341D100470C71 /* RecordModelManager.swift */; };
		D44A4CA3206F58F400581047 /* AppDelegate.swift in Sources */ = {isa = PBXBuildFile; fileRef = D44A4CA2206F58F400581047 /* AppDelegate.swift */; };
		D44A4CA5206F58F400581047 /* ViewController.swift in Sources */ = {isa = PBXBuildFile; fileRef = D44A4CA4206F58F400581047 /* ViewController.swift */; };
		D44A4CA8206F58F400581047 /* Main.storyboard in Resources */ = {isa = PBXBuildFile; fileRef = D44A4CA6206F58F400581047 /* Main.storyboard */; };
		D44A4CAA206F58F400581047 /* Assets.xcassets in Resources */ = {isa = PBXBuildFile; fileRef = D44A4CA9206F58F400581047 /* Assets.xcassets */; };
		D44A4CAD206F58F400581047 /* LaunchScreen.storyboard in Resources */ = {isa = PBXBuildFile; fileRef = D44A4CAB206F58F400581047 /* LaunchScreen.storyboard */; };
		D44A4CBA20703B2200581047 /* EditRecordViewController.swift in Sources */ = {isa = PBXBuildFile; fileRef = D44A4CB920703B2200581047 /* EditRecordViewController.swift */; };
		D45DA1CB20747C13002950A8 /* Record.xcdatamodeld in Sources */ = {isa = PBXBuildFile; fileRef = D45DA1C920747C13002950A8 /* Record.xcdatamodeld */; };
		D45DA1CD20747C46002950A8 /* CoreDataStack.swift in Sources */ = {isa = PBXBuildFile; fileRef = D45DA1CC20747C46002950A8 /* CoreDataStack.swift */; };
		D45DA1CF20773760002950A8 /* RecordModel.swift in Sources */ = {isa = PBXBuildFile; fileRef = D45DA1CE20773760002950A8 /* RecordModel.swift */; };
		D45DA1D120798106002950A8 /* Sport.swift in Sources */ = {isa = PBXBuildFile; fileRef = D45DA1D020798106002950A8 /* Sport.swift */; };
		D45DA1D32079BFB4002950A8 /* CreateViewController.swift in Sources */ = {isa = PBXBuildFile; fileRef = D45DA1D22079BFB4002950A8 /* CreateViewController.swift */; };
		D45DA1D5207AB9D5002950A8 /* RecordType.swift in Sources */ = {isa = PBXBuildFile; fileRef = D45DA1D4207AB9D5002950A8 /* RecordType.swift */; };
		D45DA1D7207AC28D002950A8 /* DataService.swift in Sources */ = {isa = PBXBuildFile; fileRef = D45DA1D6207AC28D002950A8 /* DataService.swift */; };
		D45DA1D9207C6EEC002950A8 /* Extensions.swift in Sources */ = {isa = PBXBuildFile; fileRef = D45DA1D8207C6EEC002950A8 /* Extensions.swift */; };
		D4B7BE61207D9BCB00D45F0C /* CustomTimePicker.swift in Sources */ = {isa = PBXBuildFile; fileRef = D4B7BE60207D9BCB00D45F0C /* CustomTimePicker.swift */; };
		D4DB782A213B26E500217819 /* RecordTemplates.swift in Sources */ = {isa = PBXBuildFile; fileRef = D4DB7829213B26E500217819 /* RecordTemplates.swift */; };
		D4DB782C213B275D00217819 /* DataServiceTests.swift in Sources */ = {isa = PBXBuildFile; fileRef = D4DB782B213B275D00217819 /* DataServiceTests.swift */; };
		D4DB7832213B424E00217819 /* TemplateDataSource.swift in Sources */ = {isa = PBXBuildFile; fileRef = D4DB7831213B424E00217819 /* TemplateDataSource.swift */; };
		D4DB7834213B432A00217819 /* TemplateDataSourceTests.swift in Sources */ = {isa = PBXBuildFile; fileRef = D4DB7833213B432A00217819 /* TemplateDataSourceTests.swift */; };
		D4DB7836213B924A00217819 /* SubstringFilter.swift in Sources */ = {isa = PBXBuildFile; fileRef = D4DB7835213B924A00217819 /* SubstringFilter.swift */; };
		D4DB7838213B940700217819 /* SubstringFilterTests.swift in Sources */ = {isa = PBXBuildFile; fileRef = D4DB7837213B940700217819 /* SubstringFilterTests.swift */; };
		D4DB783A213B965100217819 /* Filterable.swift in Sources */ = {isa = PBXBuildFile; fileRef = D4DB7839213B965100217819 /* Filterable.swift */; };
		D4DB783E213B97CA00217819 /* FilterableRecordModelTests.swift in Sources */ = {isa = PBXBuildFile; fileRef = D4DB783D213B97CA00217819 /* FilterableRecordModelTests.swift */; };
		D4DB78402140C0AD00217819 /* TransitionDelegate.swift in Sources */ = {isa = PBXBuildFile; fileRef = D4DB783F2140C0AD00217819 /* TransitionDelegate.swift */; };
		D4FD031820FAF5E30002471B /* SessionManager.swift in Sources */ = {isa = PBXBuildFile; fileRef = D4FD031720FAF5E30002471B /* SessionManager.swift */; };
		D4FD031C20FC4FD10002471B /* BasicSessionWriter.swift in Sources */ = {isa = PBXBuildFile; fileRef = D4FD031B20FC4FD10002471B /* BasicSessionWriter.swift */; };
		D4FD031E20FC50B20002471B /* SessionWriter.swift in Sources */ = {isa = PBXBuildFile; fileRef = D4FD031D20FC50B20002471B /* SessionWriter.swift */; };
		D4FD032020FC54300002471B /* Session.swift in Sources */ = {isa = PBXBuildFile; fileRef = D4FD031F20FC54300002471B /* Session.swift */; };
		D4FD032220FC56500002471B /* SessionManagerTests.swift in Sources */ = {isa = PBXBuildFile; fileRef = D4FD032120FC56500002471B /* SessionManagerTests.swift */; };
		D4FD032520FC575F0002471B /* MockSessionWriter.swift in Sources */ = {isa = PBXBuildFile; fileRef = D4FD032420FC575F0002471B /* MockSessionWriter.swift */; };
		D4FD032720FEF5230002471B /* MoreOptionsViewController.swift in Sources */ = {isa = PBXBuildFile; fileRef = D4FD032620FEF5230002471B /* MoreOptionsViewController.swift */; };
		D4FD032920FEFD3C0002471B /* MockLoginChecker.swift in Sources */ = {isa = PBXBuildFile; fileRef = D4FD032820FEFD3C0002471B /* MockLoginChecker.swift */; };
		D4FD032E2102F4130002471B /* BasicTextFieldDelegate.swift in Sources */ = {isa = PBXBuildFile; fileRef = D4FD032D2102F4130002471B /* BasicTextFieldDelegate.swift */; };
		F72744D983CFDD0FEECF49A1 /* Pods_PersonalRecords.framework in Frameworks */ = {isa = PBXBuildFile; fileRef = B3FBAB2C3022C6DF5DC77B10 /* Pods_PersonalRecords.framework */; };
/* End PBXBuildFile section */

/* Begin PBXContainerItemProxy section */
		D4201D2C20D1FBB20091FA60 /* PBXContainerItemProxy */ = {
			isa = PBXContainerItemProxy;
			containerPortal = D44A4C97206F58F400581047 /* Project object */;
			proxyType = 1;
			remoteGlobalIDString = D44A4C9E206F58F400581047;
			remoteInfo = PersonalRecords;
		};
/* End PBXContainerItemProxy section */

/* Begin PBXFileReference section */
		24916DD72E8CE386F9F5FA0B /* Pods-PersonalRecords.release.xcconfig */ = {isa = PBXFileReference; includeInIndex = 1; lastKnownFileType = text.xcconfig; name = "Pods-PersonalRecords.release.xcconfig"; path = "Pods/Target Support Files/Pods-PersonalRecords/Pods-PersonalRecords.release.xcconfig"; sourceTree = "<group>"; };
		38B2C7BB8141C0BEDF3EEE82 /* Pods-PersonalRecordsTests.release.xcconfig */ = {isa = PBXFileReference; includeInIndex = 1; lastKnownFileType = text.xcconfig; name = "Pods-PersonalRecordsTests.release.xcconfig"; path = "Pods/Target Support Files/Pods-PersonalRecordsTests/Pods-PersonalRecordsTests.release.xcconfig"; sourceTree = "<group>"; };
		654C43E7FF417014703D4BAB /* Pods-PersonalRecords.debug.xcconfig */ = {isa = PBXFileReference; includeInIndex = 1; lastKnownFileType = text.xcconfig; name = "Pods-PersonalRecords.debug.xcconfig"; path = "Pods/Target Support Files/Pods-PersonalRecords/Pods-PersonalRecords.debug.xcconfig"; sourceTree = "<group>"; };
		7F798AE4213211EA93358859 /* Pods_PersonalRecordsTests.framework */ = {isa = PBXFileReference; explicitFileType = wrapper.framework; includeInIndex = 0; path = Pods_PersonalRecordsTests.framework; sourceTree = BUILT_PRODUCTS_DIR; };
		9675F1FEDF0AD81168CE01F2 /* Pods-PersonalRecordsTests.debug.xcconfig */ = {isa = PBXFileReference; includeInIndex = 1; lastKnownFileType = text.xcconfig; name = "Pods-PersonalRecordsTests.debug.xcconfig"; path = "Pods/Target Support Files/Pods-PersonalRecordsTests/Pods-PersonalRecordsTests.debug.xcconfig"; sourceTree = "<group>"; };
		B3FBAB2C3022C6DF5DC77B10 /* Pods_PersonalRecords.framework */ = {isa = PBXFileReference; explicitFileType = wrapper.framework; includeInIndex = 0; path = Pods_PersonalRecords.framework; sourceTree = BUILT_PRODUCTS_DIR; };
		D408F1BD20DB5B5D008A0072 /* AllowableStringValues.swift */ = {isa = PBXFileReference; lastKnownFileType = sourcecode.swift; path = AllowableStringValues.swift; sourceTree = "<group>"; };
		D408F1BF20DB5C3A008A0072 /* AllowableCharactersTests.swift */ = {isa = PBXFileReference; lastKnownFileType = sourcecode.swift; path = AllowableCharactersTests.swift; sourceTree = "<group>"; };
		D408F1C120DC8F12008A0072 /* CustomTimePickerTests.swift */ = {isa = PBXFileReference; lastKnownFileType = sourcecode.swift; path = CustomTimePickerTests.swift; sourceTree = "<group>"; };
		D4163EAF20E1F0B300D41DBF /* Record 3.xcdatamodel */ = {isa = PBXFileReference; lastKnownFileType = wrapper.xcdatamodel; path = "Record 3.xcdatamodel"; sourceTree = "<group>"; };
		D4201D2720D1FBB20091FA60 /* PersonalRecordsTests.xctest */ = {isa = PBXFileReference; explicitFileType = wrapper.cfbundle; includeInIndex = 0; path = PersonalRecordsTests.xctest; sourceTree = BUILT_PRODUCTS_DIR; };
		D4201D2920D1FBB20091FA60 /* RecordModelManagerTests.swift */ = {isa = PBXFileReference; lastKnownFileType = sourcecode.swift; path = RecordModelManagerTests.swift; sourceTree = "<group>"; };
		D4201D2B20D1FBB20091FA60 /* Info.plist */ = {isa = PBXFileReference; lastKnownFileType = text.plist.xml; path = Info.plist; sourceTree = "<group>"; };
		D4223D942120F7C5003A8075 /* JsonTemplateReader.swift */ = {isa = PBXFileReference; lastKnownFileType = sourcecode.swift; path = JsonTemplateReader.swift; sourceTree = "<group>"; };
		D4223D962120F7ED003A8075 /* TemplateData.swift */ = {isa = PBXFileReference; lastKnownFileType = sourcecode.swift; path = TemplateData.swift; sourceTree = "<group>"; };
		D4223D992120F844003A8075 /* JsonTemplateReaderTests.swift */ = {isa = PBXFileReference; lastKnownFileType = sourcecode.swift; path = JsonTemplateReaderTests.swift; sourceTree = "<group>"; };
		D4223D9C2120F92C003A8075 /* SingleTemplate.json */ = {isa = PBXFileReference; lastKnownFileType = text.json; path = SingleTemplate.json; sourceTree = "<group>"; };
		D4223D9E21210AE0003A8075 /* UnboxableExtensions.swift */ = {isa = PBXFileReference; lastKnownFileType = sourcecode.swift; path = UnboxableExtensions.swift; sourceTree = "<group>"; };
		D433FA6220F6E08A009C3678 /* LoginViewController.swift */ = {isa = PBXFileReference; lastKnownFileType = sourcecode.swift; path = LoginViewController.swift; sourceTree = "<group>"; };
		D433FA6520F6E14A009C3678 /* LoginChecker.swift */ = {isa = PBXFileReference; lastKnownFileType = sourcecode.swift; path = LoginChecker.swift; sourceTree = "<group>"; };
		D433FA6820F70C07009C3678 /* FakeLoginChecker.swift */ = {isa = PBXFileReference; lastKnownFileType = sourcecode.swift; path = FakeLoginChecker.swift; sourceTree = "<group>"; };
		D43F4C9A20D341D100470C71 /* RecordModelManager.swift */ = {isa = PBXFileReference; lastKnownFileType = sourcecode.swift; path = RecordModelManager.swift; sourceTree = "<group>"; };
		D44A4C9F206F58F400581047 /* PersonalRecords.app */ = {isa = PBXFileReference; explicitFileType = wrapper.application; includeInIndex = 0; path = PersonalRecords.app; sourceTree = BUILT_PRODUCTS_DIR; };
		D44A4CA2206F58F400581047 /* AppDelegate.swift */ = {isa = PBXFileReference; lastKnownFileType = sourcecode.swift; path = AppDelegate.swift; sourceTree = "<group>"; };
		D44A4CA4206F58F400581047 /* ViewController.swift */ = {isa = PBXFileReference; lastKnownFileType = sourcecode.swift; path = ViewController.swift; sourceTree = "<group>"; };
		D44A4CA7206F58F400581047 /* Base */ = {isa = PBXFileReference; lastKnownFileType = file.storyboard; name = Base; path = Base.lproj/Main.storyboard; sourceTree = "<group>"; };
		D44A4CA9206F58F400581047 /* Assets.xcassets */ = {isa = PBXFileReference; lastKnownFileType = folder.assetcatalog; path = Assets.xcassets; sourceTree = "<group>"; };
		D44A4CAC206F58F400581047 /* Base */ = {isa = PBXFileReference; lastKnownFileType = file.storyboard; name = Base; path = Base.lproj/LaunchScreen.storyboard; sourceTree = "<group>"; };
		D44A4CAE206F58F400581047 /* Info.plist */ = {isa = PBXFileReference; lastKnownFileType = text.plist.xml; path = Info.plist; sourceTree = "<group>"; };
		D44A4CB920703B2200581047 /* EditRecordViewController.swift */ = {isa = PBXFileReference; lastKnownFileType = sourcecode.swift; path = EditRecordViewController.swift; sourceTree = "<group>"; };
		D45DA1CA20747C13002950A8 /* Record.xcdatamodel */ = {isa = PBXFileReference; lastKnownFileType = wrapper.xcdatamodel; path = Record.xcdatamodel; sourceTree = "<group>"; };
		D45DA1CC20747C46002950A8 /* CoreDataStack.swift */ = {isa = PBXFileReference; lastKnownFileType = sourcecode.swift; path = CoreDataStack.swift; sourceTree = "<group>"; };
		D45DA1CE20773760002950A8 /* RecordModel.swift */ = {isa = PBXFileReference; lastKnownFileType = sourcecode.swift; path = RecordModel.swift; sourceTree = "<group>"; };
		D45DA1D020798106002950A8 /* Sport.swift */ = {isa = PBXFileReference; lastKnownFileType = sourcecode.swift; path = Sport.swift; sourceTree = "<group>"; };
		D45DA1D22079BFB4002950A8 /* CreateViewController.swift */ = {isa = PBXFileReference; lastKnownFileType = sourcecode.swift; path = CreateViewController.swift; sourceTree = "<group>"; };
		D45DA1D4207AB9D5002950A8 /* RecordType.swift */ = {isa = PBXFileReference; lastKnownFileType = sourcecode.swift; path = RecordType.swift; sourceTree = "<group>"; };
		D45DA1D6207AC28D002950A8 /* DataService.swift */ = {isa = PBXFileReference; lastKnownFileType = sourcecode.swift; path = DataService.swift; sourceTree = "<group>"; };
		D45DA1D8207C6EEC002950A8 /* Extensions.swift */ = {isa = PBXFileReference; lastKnownFileType = sourcecode.swift; path = Extensions.swift; sourceTree = "<group>"; };
		D4A5BBA3207F108000077D92 /* Record 2.xcdatamodel */ = {isa = PBXFileReference; lastKnownFileType = wrapper.xcdatamodel; path = "Record 2.xcdatamodel"; sourceTree = "<group>"; };
		D4B7BE60207D9BCB00D45F0C /* CustomTimePicker.swift */ = {isa = PBXFileReference; lastKnownFileType = sourcecode.swift; path = CustomTimePicker.swift; sourceTree = "<group>"; };
		D4DB7829213B26E500217819 /* RecordTemplates.swift */ = {isa = PBXFileReference; lastKnownFileType = sourcecode.swift; path = RecordTemplates.swift; sourceTree = "<group>"; };
		D4DB782B213B275D00217819 /* DataServiceTests.swift */ = {isa = PBXFileReference; lastKnownFileType = sourcecode.swift; path = DataServiceTests.swift; sourceTree = "<group>"; };
		D4DB7831213B424E00217819 /* TemplateDataSource.swift */ = {isa = PBXFileReference; lastKnownFileType = sourcecode.swift; path = TemplateDataSource.swift; sourceTree = "<group>"; };
		D4DB7833213B432A00217819 /* TemplateDataSourceTests.swift */ = {isa = PBXFileReference; lastKnownFileType = sourcecode.swift; path = TemplateDataSourceTests.swift; sourceTree = "<group>"; };
		D4DB7835213B924A00217819 /* SubstringFilter.swift */ = {isa = PBXFileReference; lastKnownFileType = sourcecode.swift; path = SubstringFilter.swift; sourceTree = "<group>"; };
		D4DB7837213B940700217819 /* SubstringFilterTests.swift */ = {isa = PBXFileReference; lastKnownFileType = sourcecode.swift; path = SubstringFilterTests.swift; sourceTree = "<group>"; };
		D4DB7839213B965100217819 /* Filterable.swift */ = {isa = PBXFileReference; lastKnownFileType = sourcecode.swift; path = Filterable.swift; sourceTree = "<group>"; };
		D4DB783D213B97CA00217819 /* FilterableRecordModelTests.swift */ = {isa = PBXFileReference; lastKnownFileType = sourcecode.swift; path = FilterableRecordModelTests.swift; sourceTree = "<group>"; };
		D4DB783F2140C0AD00217819 /* TransitionDelegate.swift */ = {isa = PBXFileReference; lastKnownFileType = sourcecode.swift; path = TransitionDelegate.swift; sourceTree = "<group>"; };
		D4FD031720FAF5E30002471B /* SessionManager.swift */ = {isa = PBXFileReference; lastKnownFileType = sourcecode.swift; path = SessionManager.swift; sourceTree = "<group>"; };
		D4FD031B20FC4FD10002471B /* BasicSessionWriter.swift */ = {isa = PBXFileReference; lastKnownFileType = sourcecode.swift; path = BasicSessionWriter.swift; sourceTree = "<group>"; };
		D4FD031D20FC50B20002471B /* SessionWriter.swift */ = {isa = PBXFileReference; lastKnownFileType = sourcecode.swift; path = SessionWriter.swift; sourceTree = "<group>"; };
		D4FD031F20FC54300002471B /* Session.swift */ = {isa = PBXFileReference; lastKnownFileType = sourcecode.swift; path = Session.swift; sourceTree = "<group>"; };
		D4FD032120FC56500002471B /* SessionManagerTests.swift */ = {isa = PBXFileReference; lastKnownFileType = sourcecode.swift; path = SessionManagerTests.swift; sourceTree = "<group>"; };
		D4FD032420FC575F0002471B /* MockSessionWriter.swift */ = {isa = PBXFileReference; lastKnownFileType = sourcecode.swift; path = MockSessionWriter.swift; sourceTree = "<group>"; };
		D4FD032620FEF5230002471B /* MoreOptionsViewController.swift */ = {isa = PBXFileReference; lastKnownFileType = sourcecode.swift; path = MoreOptionsViewController.swift; sourceTree = "<group>"; };
		D4FD032820FEFD3C0002471B /* MockLoginChecker.swift */ = {isa = PBXFileReference; lastKnownFileType = sourcecode.swift; path = MockLoginChecker.swift; sourceTree = "<group>"; };
		D4FD032D2102F4130002471B /* BasicTextFieldDelegate.swift */ = {isa = PBXFileReference; lastKnownFileType = sourcecode.swift; path = BasicTextFieldDelegate.swift; sourceTree = "<group>"; };
/* End PBXFileReference section */

/* Begin PBXFrameworksBuildPhase section */
		D4201D2420D1FBB20091FA60 /* Frameworks */ = {
			isa = PBXFrameworksBuildPhase;
			buildActionMask = 2147483647;
			files = (
				42625EDA1DBD5E99BE05EBAA /* Pods_PersonalRecordsTests.framework in Frameworks */,
			);
			runOnlyForDeploymentPostprocessing = 0;
		};
		D44A4C9C206F58F400581047 /* Frameworks */ = {
			isa = PBXFrameworksBuildPhase;
			buildActionMask = 2147483647;
			files = (
				F72744D983CFDD0FEECF49A1 /* Pods_PersonalRecords.framework in Frameworks */,
			);
			runOnlyForDeploymentPostprocessing = 0;
		};
/* End PBXFrameworksBuildPhase section */

/* Begin PBXGroup section */
		5F2E08D6CEA380CDD05D72CC /* Pods */ = {
			isa = PBXGroup;
			children = (
				654C43E7FF417014703D4BAB /* Pods-PersonalRecords.debug.xcconfig */,
				24916DD72E8CE386F9F5FA0B /* Pods-PersonalRecords.release.xcconfig */,
				9675F1FEDF0AD81168CE01F2 /* Pods-PersonalRecordsTests.debug.xcconfig */,
				38B2C7BB8141C0BEDF3EEE82 /* Pods-PersonalRecordsTests.release.xcconfig */,
			);
			name = Pods;
			sourceTree = "<group>";
		};
		6CDB0D90E9FB03C5042FE40E /* Frameworks */ = {
			isa = PBXGroup;
			children = (
				B3FBAB2C3022C6DF5DC77B10 /* Pods_PersonalRecords.framework */,
				7F798AE4213211EA93358859 /* Pods_PersonalRecordsTests.framework */,
			);
			name = Frameworks;
			sourceTree = "<group>";
		};
		D4201D2820D1FBB20091FA60 /* PersonalRecordsTests */ = {
			isa = PBXGroup;
			children = (
				D4223D9B2120F917003A8075 /* TestFiles */,
				D4223D982120F82D003A8075 /* Models */,
				D4FD032320FC57470002471B /* Mocks */,
				D4201D2920D1FBB20091FA60 /* RecordModelManagerTests.swift */,
				D4201D2B20D1FBB20091FA60 /* Info.plist */,
				D408F1BF20DB5C3A008A0072 /* AllowableCharactersTests.swift */,
				D408F1C120DC8F12008A0072 /* CustomTimePickerTests.swift */,
				D4FD032120FC56500002471B /* SessionManagerTests.swift */,
				D4DB782B213B275D00217819 /* DataServiceTests.swift */,
			);
			path = PersonalRecordsTests;
			sourceTree = "<group>";
		};
		D4223D982120F82D003A8075 /* Models */ = {
			isa = PBXGroup;
			children = (
				D4223D992120F844003A8075 /* JsonTemplateReaderTests.swift */,
				D4DB7833213B432A00217819 /* TemplateDataSourceTests.swift */,
				D4DB7837213B940700217819 /* SubstringFilterTests.swift */,
				D4DB783D213B97CA00217819 /* FilterableRecordModelTests.swift */,
			);
			path = Models;
			sourceTree = "<group>";
		};
		D4223D9B2120F917003A8075 /* TestFiles */ = {
			isa = PBXGroup;
			children = (
				D4223D9C2120F92C003A8075 /* SingleTemplate.json */,
			);
			path = TestFiles;
			sourceTree = "<group>";
		};
		D433FA5F20F6E01D009C3678 /* ViewControllers */ = {
			isa = PBXGroup;
			children = (
				D44A4CA4206F58F400581047 /* ViewController.swift */,
				D44A4CB920703B2200581047 /* EditRecordViewController.swift */,
				D45DA1D22079BFB4002950A8 /* CreateViewController.swift */,
				D433FA6220F6E08A009C3678 /* LoginViewController.swift */,
				D4FD032620FEF5230002471B /* MoreOptionsViewController.swift */,
			);
			path = ViewControllers;
			sourceTree = "<group>";
		};
		D433FA6420F6E0AC009C3678 /* Protocols */ = {
			isa = PBXGroup;
			children = (
				D433FA6520F6E14A009C3678 /* LoginChecker.swift */,
				D4FD031D20FC50B20002471B /* SessionWriter.swift */,
				D4DB7839213B965100217819 /* Filterable.swift */,
				D4DB783F2140C0AD00217819 /* TransitionDelegate.swift */,
			);
			path = Protocols;
			sourceTree = "<group>";
		};
		D44A4C96206F58F400581047 = {
			isa = PBXGroup;
			children = (
				D44A4CA1206F58F400581047 /* PersonalRecords */,
				D4201D2820D1FBB20091FA60 /* PersonalRecordsTests */,
				D44A4CA0206F58F400581047 /* Products */,
				5F2E08D6CEA380CDD05D72CC /* Pods */,
				6CDB0D90E9FB03C5042FE40E /* Frameworks */,
			);
			sourceTree = "<group>";
		};
		D44A4CA0206F58F400581047 /* Products */ = {
			isa = PBXGroup;
			children = (
				D44A4C9F206F58F400581047 /* PersonalRecords.app */,
				D4201D2720D1FBB20091FA60 /* PersonalRecordsTests.xctest */,
			);
			name = Products;
			sourceTree = "<group>";
		};
		D44A4CA1206F58F400581047 /* PersonalRecords */ = {
			isa = PBXGroup;
			children = (
				D4DB7830213B401600217819 /* ModelHelpers */,
				D4DB782F213B3FBC00217819 /* Storyboards */,
				D4FD032C2102F3F90002471B /* ViewHelpers */,
				D433FA6420F6E0AC009C3678 /* Protocols */,
				D433FA5F20F6E01D009C3678 /* ViewControllers */,
				D45DA1C820747BF3002950A8 /* Models */,
				D44A4CA2206F58F400581047 /* AppDelegate.swift */,
				D44A4CA9206F58F400581047 /* Assets.xcassets */,
				D44A4CAE206F58F400581047 /* Info.plist */,
			);
			path = PersonalRecords;
			sourceTree = "<group>";
		};
		D45DA1C820747BF3002950A8 /* Models */ = {
			isa = PBXGroup;
			children = (
				D45DA1D6207AC28D002950A8 /* DataService.swift */,
				D45DA1CC20747C46002950A8 /* CoreDataStack.swift */,
				D433FA6820F70C07009C3678 /* FakeLoginChecker.swift */,
				D45DA1C920747C13002950A8 /* Record.xcdatamodeld */,
				D43F4C9A20D341D100470C71 /* RecordModelManager.swift */,
				D45DA1CE20773760002950A8 /* RecordModel.swift */,
				D45DA1D020798106002950A8 /* Sport.swift */,
				D45DA1D4207AB9D5002950A8 /* RecordType.swift */,
				D4FD031720FAF5E30002471B /* SessionManager.swift */,
				D4FD031B20FC4FD10002471B /* BasicSessionWriter.swift */,
				D4FD031F20FC54300002471B /* Session.swift */,
				D4223D942120F7C5003A8075 /* JsonTemplateReader.swift */,
				D4223D962120F7ED003A8075 /* TemplateData.swift */,
				D4223D9E21210AE0003A8075 /* UnboxableExtensions.swift */,
				D4DB7829213B26E500217819 /* RecordTemplates.swift */,
				D4DB7831213B424E00217819 /* TemplateDataSource.swift */,
				D4DB7835213B924A00217819 /* SubstringFilter.swift */,
			);
			path = Models;
			sourceTree = "<group>";
		};
		D4DB782F213B3FBC00217819 /* Storyboards */ = {
			isa = PBXGroup;
			children = (
				D44A4CAB206F58F400581047 /* LaunchScreen.storyboard */,
				D44A4CA6206F58F400581047 /* Main.storyboard */,
			);
			path = Storyboards;
			sourceTree = "<group>";
		};
		D4DB7830213B401600217819 /* ModelHelpers */ = {
			isa = PBXGroup;
			children = (
				D45DA1D8207C6EEC002950A8 /* Extensions.swift */,
			);
			path = ModelHelpers;
			sourceTree = "<group>";
		};
		D4FD032320FC57470002471B /* Mocks */ = {
			isa = PBXGroup;
			children = (
				D4FD032420FC575F0002471B /* MockSessionWriter.swift */,
				D4FD032820FEFD3C0002471B /* MockLoginChecker.swift */,
			);
			path = Mocks;
			sourceTree = "<group>";
		};
		D4FD032C2102F3F90002471B /* ViewHelpers */ = {
			isa = PBXGroup;
			children = (
				D4B7BE60207D9BCB00D45F0C /* CustomTimePicker.swift */,
				D408F1BD20DB5B5D008A0072 /* AllowableStringValues.swift */,
				D4FD032D2102F4130002471B /* BasicTextFieldDelegate.swift */,
			);
			path = ViewHelpers;
			sourceTree = "<group>";
		};
/* End PBXGroup section */

/* Begin PBXNativeTarget section */
		D4201D2620D1FBB20091FA60 /* PersonalRecordsTests */ = {
			isa = PBXNativeTarget;
			buildConfigurationList = D4201D3020D1FBB20091FA60 /* Build configuration list for PBXNativeTarget "PersonalRecordsTests" */;
			buildPhases = (
				06586CD9388E04401DC511A8 /* [CP] Check Pods Manifest.lock */,
				D4201D2320D1FBB20091FA60 /* Sources */,
				D4201D2420D1FBB20091FA60 /* Frameworks */,
				D4201D2520D1FBB20091FA60 /* Resources */,
			);
			buildRules = (
			);
			dependencies = (
				D4201D2D20D1FBB20091FA60 /* PBXTargetDependency */,
			);
			name = PersonalRecordsTests;
			productName = PersonalRecordsTests;
			productReference = D4201D2720D1FBB20091FA60 /* PersonalRecordsTests.xctest */;
			productType = "com.apple.product-type.bundle.unit-test";
		};
		D44A4C9E206F58F400581047 /* PersonalRecords */ = {
			isa = PBXNativeTarget;
			buildConfigurationList = D44A4CB1206F58F400581047 /* Build configuration list for PBXNativeTarget "PersonalRecords" */;
			buildPhases = (
				E304D389B11BD7EFDB2C8D37 /* [CP] Check Pods Manifest.lock */,
				D44A4C9B206F58F400581047 /* Sources */,
				D44A4C9C206F58F400581047 /* Frameworks */,
				D44A4C9D206F58F400581047 /* Resources */,
				4E33810454F59B8DF723DD47 /* [CP] Embed Pods Frameworks */,
			);
			buildRules = (
			);
			dependencies = (
			);
			name = PersonalRecords;
			productName = PersonalRecords;
			productReference = D44A4C9F206F58F400581047 /* PersonalRecords.app */;
			productType = "com.apple.product-type.application";
		};
/* End PBXNativeTarget section */

/* Begin PBXProject section */
		D44A4C97206F58F400581047 /* Project object */ = {
			isa = PBXProject;
			attributes = {
				LastSwiftUpdateCheck = 0940;
				LastUpgradeCheck = 0930;
				ORGANIZATIONNAME = Quinnter;
				TargetAttributes = {
					D4201D2620D1FBB20091FA60 = {
						CreatedOnToolsVersion = 9.4;
						ProvisioningStyle = Automatic;
						TestTargetID = D44A4C9E206F58F400581047;
					};
					D44A4C9E206F58F400581047 = {
						CreatedOnToolsVersion = 9.2;
						LastSwiftMigration = 0920;
						ProvisioningStyle = Automatic;
					};
				};
			};
			buildConfigurationList = D44A4C9A206F58F400581047 /* Build configuration list for PBXProject "PersonalRecords" */;
			compatibilityVersion = "Xcode 8.0";
			developmentRegion = en;
			hasScannedForEncodings = 0;
			knownRegions = (
				en,
				Base,
			);
			mainGroup = D44A4C96206F58F400581047;
			productRefGroup = D44A4CA0206F58F400581047 /* Products */;
			projectDirPath = "";
			projectRoot = "";
			targets = (
				D44A4C9E206F58F400581047 /* PersonalRecords */,
				D4201D2620D1FBB20091FA60 /* PersonalRecordsTests */,
			);
		};
/* End PBXProject section */

/* Begin PBXResourcesBuildPhase section */
		D4201D2520D1FBB20091FA60 /* Resources */ = {
			isa = PBXResourcesBuildPhase;
			buildActionMask = 2147483647;
			files = (
				D4223D9D2120F951003A8075 /* SingleTemplate.json in Resources */,
			);
			runOnlyForDeploymentPostprocessing = 0;
		};
		D44A4C9D206F58F400581047 /* Resources */ = {
			isa = PBXResourcesBuildPhase;
			buildActionMask = 2147483647;
			files = (
				D44A4CAD206F58F400581047 /* LaunchScreen.storyboard in Resources */,
				D44A4CAA206F58F400581047 /* Assets.xcassets in Resources */,
				D44A4CA8206F58F400581047 /* Main.storyboard in Resources */,
			);
			runOnlyForDeploymentPostprocessing = 0;
		};
/* End PBXResourcesBuildPhase section */

/* Begin PBXShellScriptBuildPhase section */
		06586CD9388E04401DC511A8 /* [CP] Check Pods Manifest.lock */ = {
			isa = PBXShellScriptBuildPhase;
			buildActionMask = 2147483647;
			files = (
			);
			inputPaths = (
				"${PODS_PODFILE_DIR_PATH}/Podfile.lock",
				"${PODS_ROOT}/Manifest.lock",
			);
			name = "[CP] Check Pods Manifest.lock";
			outputPaths = (
				"$(DERIVED_FILE_DIR)/Pods-PersonalRecordsTests-checkManifestLockResult.txt",
			);
			runOnlyForDeploymentPostprocessing = 0;
			shellPath = /bin/sh;
			shellScript = "diff \"${PODS_PODFILE_DIR_PATH}/Podfile.lock\" \"${PODS_ROOT}/Manifest.lock\" > /dev/null\nif [ $? != 0 ] ; then\n    # print error to STDERR\n    echo \"error: The sandbox is not in sync with the Podfile.lock. Run 'pod install' or update your CocoaPods installation.\" >&2\n    exit 1\nfi\n# This output is used by Xcode 'outputs' to avoid re-running this script phase.\necho \"SUCCESS\" > \"${SCRIPT_OUTPUT_FILE_0}\"\n";
			showEnvVarsInLog = 0;
		};
		4E33810454F59B8DF723DD47 /* [CP] Embed Pods Frameworks */ = {
			isa = PBXShellScriptBuildPhase;
			buildActionMask = 2147483647;
			files = (
			);
			inputPaths = (
				"${SRCROOT}/Pods/Target Support Files/Pods-PersonalRecords/Pods-PersonalRecords-frameworks.sh",
				"${BUILT_PRODUCTS_DIR}/Unbox/Unbox.framework",
			);
			name = "[CP] Embed Pods Frameworks";
			outputPaths = (
				"${TARGET_BUILD_DIR}/${FRAMEWORKS_FOLDER_PATH}/Unbox.framework",
			);
			runOnlyForDeploymentPostprocessing = 0;
			shellPath = /bin/sh;
			shellScript = "\"${SRCROOT}/Pods/Target Support Files/Pods-PersonalRecords/Pods-PersonalRecords-frameworks.sh\"\n";
			showEnvVarsInLog = 0;
		};
		E304D389B11BD7EFDB2C8D37 /* [CP] Check Pods Manifest.lock */ = {
			isa = PBXShellScriptBuildPhase;
			buildActionMask = 2147483647;
			files = (
			);
			inputPaths = (
				"${PODS_PODFILE_DIR_PATH}/Podfile.lock",
				"${PODS_ROOT}/Manifest.lock",
			);
			name = "[CP] Check Pods Manifest.lock";
			outputPaths = (
				"$(DERIVED_FILE_DIR)/Pods-PersonalRecords-checkManifestLockResult.txt",
			);
			runOnlyForDeploymentPostprocessing = 0;
			shellPath = /bin/sh;
			shellScript = "diff \"${PODS_PODFILE_DIR_PATH}/Podfile.lock\" \"${PODS_ROOT}/Manifest.lock\" > /dev/null\nif [ $? != 0 ] ; then\n    # print error to STDERR\n    echo \"error: The sandbox is not in sync with the Podfile.lock. Run 'pod install' or update your CocoaPods installation.\" >&2\n    exit 1\nfi\n# This output is used by Xcode 'outputs' to avoid re-running this script phase.\necho \"SUCCESS\" > \"${SCRIPT_OUTPUT_FILE_0}\"\n";
			showEnvVarsInLog = 0;
		};
/* End PBXShellScriptBuildPhase section */

/* Begin PBXSourcesBuildPhase section */
		D4201D2320D1FBB20091FA60 /* Sources */ = {
			isa = PBXSourcesBuildPhase;
			buildActionMask = 2147483647;
			files = (
				D4FD032920FEFD3C0002471B /* MockLoginChecker.swift in Sources */,
				D4DB7834213B432A00217819 /* TemplateDataSourceTests.swift in Sources */,
				D4201D2A20D1FBB20091FA60 /* RecordModelManagerTests.swift in Sources */,
				D408F1C220DC8F12008A0072 /* CustomTimePickerTests.swift in Sources */,
				D4FD032520FC575F0002471B /* MockSessionWriter.swift in Sources */,
				D4FD032220FC56500002471B /* SessionManagerTests.swift in Sources */,
				D4223D9A2120F844003A8075 /* JsonTemplateReaderTests.swift in Sources */,
				D4DB783E213B97CA00217819 /* FilterableRecordModelTests.swift in Sources */,
				D4DB7838213B940700217819 /* SubstringFilterTests.swift in Sources */,
				D408F1C020DB5C3A008A0072 /* AllowableCharactersTests.swift in Sources */,
				D4DB782C213B275D00217819 /* DataServiceTests.swift in Sources */,
			);
			runOnlyForDeploymentPostprocessing = 0;
		};
		D44A4C9B206F58F400581047 /* Sources */ = {
			isa = PBXSourcesBuildPhase;
			buildActionMask = 2147483647;
			files = (
				D408F1BE20DB5B5D008A0072 /* AllowableStringValues.swift in Sources */,
				D4FD031C20FC4FD10002471B /* BasicSessionWriter.swift in Sources */,
				D44A4CA5206F58F400581047 /* ViewController.swift in Sources */,
				D4FD031820FAF5E30002471B /* SessionManager.swift in Sources */,
				D44A4CBA20703B2200581047 /* EditRecordViewController.swift in Sources */,
				D433FA6920F70C07009C3678 /* FakeLoginChecker.swift in Sources */,
				D433FA6320F6E08A009C3678 /* LoginViewController.swift in Sources */,
				D4DB783A213B965100217819 /* Filterable.swift in Sources */,
				D4FD031E20FC50B20002471B /* SessionWriter.swift in Sources */,
				D45DA1D32079BFB4002950A8 /* CreateViewController.swift in Sources */,
				D44A4CA3206F58F400581047 /* AppDelegate.swift in Sources */,
				D4DB7832213B424E00217819 /* TemplateDataSource.swift in Sources */,
				D4223D9F21210AE0003A8075 /* UnboxableExtensions.swift in Sources */,
				D45DA1CD20747C46002950A8 /* CoreDataStack.swift in Sources */,
				D4DB78402140C0AD00217819 /* TransitionDelegate.swift in Sources */,
				D4DB7836213B924A00217819 /* SubstringFilter.swift in Sources */,
				D4B7BE61207D9BCB00D45F0C /* CustomTimePicker.swift in Sources */,
				D4223D952120F7C5003A8075 /* JsonTemplateReader.swift in Sources */,
				D45DA1D7207AC28D002950A8 /* DataService.swift in Sources */,
				D4FD032E2102F4130002471B /* BasicTextFieldDelegate.swift in Sources */,
				D4DB782A213B26E500217819 /* RecordTemplates.swift in Sources */,
				D45DA1CF20773760002950A8 /* RecordModel.swift in Sources */,
				D4FD032020FC54300002471B /* Session.swift in Sources */,
				D45DA1D9207C6EEC002950A8 /* Extensions.swift in Sources */,
				D433FA6620F6E14A009C3678 /* LoginChecker.swift in Sources */,
				D4223D972120F7ED003A8075 /* TemplateData.swift in Sources */,
				D43F4C9B20D341D100470C71 /* RecordModelManager.swift in Sources */,
				D4FD032720FEF5230002471B /* MoreOptionsViewController.swift in Sources */,
				D45DA1D5207AB9D5002950A8 /* RecordType.swift in Sources */,
				D45DA1D120798106002950A8 /* Sport.swift in Sources */,
				D45DA1CB20747C13002950A8 /* Record.xcdatamodeld in Sources */,
			);
			runOnlyForDeploymentPostprocessing = 0;
		};
/* End PBXSourcesBuildPhase section */

/* Begin PBXTargetDependency section */
		D4201D2D20D1FBB20091FA60 /* PBXTargetDependency */ = {
			isa = PBXTargetDependency;
			target = D44A4C9E206F58F400581047 /* PersonalRecords */;
			targetProxy = D4201D2C20D1FBB20091FA60 /* PBXContainerItemProxy */;
		};
/* End PBXTargetDependency section */

/* Begin PBXVariantGroup section */
		D44A4CA6206F58F400581047 /* Main.storyboard */ = {
			isa = PBXVariantGroup;
			children = (
				D44A4CA7206F58F400581047 /* Base */,
			);
			name = Main.storyboard;
			sourceTree = "<group>";
		};
		D44A4CAB206F58F400581047 /* LaunchScreen.storyboard */ = {
			isa = PBXVariantGroup;
			children = (
				D44A4CAC206F58F400581047 /* Base */,
			);
			name = LaunchScreen.storyboard;
			sourceTree = "<group>";
		};
/* End PBXVariantGroup section */

/* Begin XCBuildConfiguration section */
		D4201D2E20D1FBB20091FA60 /* Debug */ = {
			isa = XCBuildConfiguration;
			baseConfigurationReference = 9675F1FEDF0AD81168CE01F2 /* Pods-PersonalRecordsTests.debug.xcconfig */;
			buildSettings = {
				BUNDLE_LOADER = "$(TEST_HOST)";
				CLANG_ENABLE_OBJC_WEAK = YES;
				CODE_SIGN_STYLE = Automatic;
				DEVELOPMENT_TEAM = 6EX5494DXV;
				INFOPLIST_FILE = PersonalRecordsTests/Info.plist;
				IPHONEOS_DEPLOYMENT_TARGET = 11.4;
				LD_RUNPATH_SEARCH_PATHS = "$(inherited) @executable_path/Frameworks @loader_path/Frameworks";
				PRODUCT_BUNDLE_IDENTIFIER = Quinnter.PersonalRecordsTests;
				PRODUCT_NAME = "$(TARGET_NAME)";
				SWIFT_VERSION = 4.0;
				TARGETED_DEVICE_FAMILY = "1,2";
				TEST_HOST = "$(BUILT_PRODUCTS_DIR)/PersonalRecords.app/PersonalRecords";
			};
			name = Debug;
		};
		D4201D2F20D1FBB20091FA60 /* Release */ = {
			isa = XCBuildConfiguration;
			baseConfigurationReference = 38B2C7BB8141C0BEDF3EEE82 /* Pods-PersonalRecordsTests.release.xcconfig */;
			buildSettings = {
				BUNDLE_LOADER = "$(TEST_HOST)";
				CLANG_ENABLE_OBJC_WEAK = YES;
				CODE_SIGN_STYLE = Automatic;
				DEVELOPMENT_TEAM = 6EX5494DXV;
				INFOPLIST_FILE = PersonalRecordsTests/Info.plist;
				IPHONEOS_DEPLOYMENT_TARGET = 11.4;
				LD_RUNPATH_SEARCH_PATHS = "$(inherited) @executable_path/Frameworks @loader_path/Frameworks";
				PRODUCT_BUNDLE_IDENTIFIER = Quinnter.PersonalRecordsTests;
				PRODUCT_NAME = "$(TARGET_NAME)";
				SWIFT_VERSION = 4.0;
				TARGETED_DEVICE_FAMILY = "1,2";
				TEST_HOST = "$(BUILT_PRODUCTS_DIR)/PersonalRecords.app/PersonalRecords";
			};
			name = Release;
		};
		D44A4CAF206F58F400581047 /* Debug */ = {
			isa = XCBuildConfiguration;
			buildSettings = {
				ALWAYS_SEARCH_USER_PATHS = NO;
				CLANG_ANALYZER_NONNULL = YES;
				CLANG_ANALYZER_NUMBER_OBJECT_CONVERSION = YES_AGGRESSIVE;
				CLANG_CXX_LANGUAGE_STANDARD = "gnu++14";
				CLANG_CXX_LIBRARY = "libc++";
				CLANG_ENABLE_MODULES = YES;
				CLANG_ENABLE_OBJC_ARC = YES;
				CLANG_WARN_BLOCK_CAPTURE_AUTORELEASING = YES;
				CLANG_WARN_BOOL_CONVERSION = YES;
				CLANG_WARN_COMMA = YES;
				CLANG_WARN_CONSTANT_CONVERSION = YES;
				CLANG_WARN_DEPRECATED_OBJC_IMPLEMENTATIONS = YES;
				CLANG_WARN_DIRECT_OBJC_ISA_USAGE = YES_ERROR;
				CLANG_WARN_DOCUMENTATION_COMMENTS = YES;
				CLANG_WARN_EMPTY_BODY = YES;
				CLANG_WARN_ENUM_CONVERSION = YES;
				CLANG_WARN_INFINITE_RECURSION = YES;
				CLANG_WARN_INT_CONVERSION = YES;
				CLANG_WARN_NON_LITERAL_NULL_CONVERSION = YES;
				CLANG_WARN_OBJC_IMPLICIT_RETAIN_SELF = YES;
				CLANG_WARN_OBJC_LITERAL_CONVERSION = YES;
				CLANG_WARN_OBJC_ROOT_CLASS = YES_ERROR;
				CLANG_WARN_RANGE_LOOP_ANALYSIS = YES;
				CLANG_WARN_STRICT_PROTOTYPES = YES;
				CLANG_WARN_SUSPICIOUS_MOVE = YES;
				CLANG_WARN_UNGUARDED_AVAILABILITY = YES_AGGRESSIVE;
				CLANG_WARN_UNREACHABLE_CODE = YES;
				CLANG_WARN__DUPLICATE_METHOD_MATCH = YES;
				CODE_SIGN_IDENTITY = "iPhone Developer";
				COPY_PHASE_STRIP = NO;
				DEBUG_INFORMATION_FORMAT = dwarf;
				DEVELOPMENT_TEAM = 6EX5494DXV;
				ENABLE_STRICT_OBJC_MSGSEND = YES;
				ENABLE_TESTABILITY = YES;
				GCC_C_LANGUAGE_STANDARD = gnu11;
				GCC_DYNAMIC_NO_PIC = NO;
				GCC_NO_COMMON_BLOCKS = YES;
				GCC_OPTIMIZATION_LEVEL = 0;
				GCC_PREPROCESSOR_DEFINITIONS = (
					"DEBUG=1",
					"$(inherited)",
				);
				GCC_WARN_64_TO_32_BIT_CONVERSION = YES;
				GCC_WARN_ABOUT_RETURN_TYPE = YES_ERROR;
				GCC_WARN_UNDECLARED_SELECTOR = YES;
				GCC_WARN_UNINITIALIZED_AUTOS = YES_AGGRESSIVE;
				GCC_WARN_UNUSED_FUNCTION = YES;
				GCC_WARN_UNUSED_VARIABLE = YES;
				IPHONEOS_DEPLOYMENT_TARGET = 11.2;
				MTL_ENABLE_DEBUG_INFO = YES;
				ONLY_ACTIVE_ARCH = YES;
				SDKROOT = iphoneos;
				SWIFT_ACTIVE_COMPILATION_CONDITIONS = DEBUG;
				SWIFT_OPTIMIZATION_LEVEL = "-Onone";
			};
			name = Debug;
		};
		D44A4CB0206F58F400581047 /* Release */ = {
			isa = XCBuildConfiguration;
			buildSettings = {
				ALWAYS_SEARCH_USER_PATHS = NO;
				CLANG_ANALYZER_NONNULL = YES;
				CLANG_ANALYZER_NUMBER_OBJECT_CONVERSION = YES_AGGRESSIVE;
				CLANG_CXX_LANGUAGE_STANDARD = "gnu++14";
				CLANG_CXX_LIBRARY = "libc++";
				CLANG_ENABLE_MODULES = YES;
				CLANG_ENABLE_OBJC_ARC = YES;
				CLANG_WARN_BLOCK_CAPTURE_AUTORELEASING = YES;
				CLANG_WARN_BOOL_CONVERSION = YES;
				CLANG_WARN_COMMA = YES;
				CLANG_WARN_CONSTANT_CONVERSION = YES;
				CLANG_WARN_DEPRECATED_OBJC_IMPLEMENTATIONS = YES;
				CLANG_WARN_DIRECT_OBJC_ISA_USAGE = YES_ERROR;
				CLANG_WARN_DOCUMENTATION_COMMENTS = YES;
				CLANG_WARN_EMPTY_BODY = YES;
				CLANG_WARN_ENUM_CONVERSION = YES;
				CLANG_WARN_INFINITE_RECURSION = YES;
				CLANG_WARN_INT_CONVERSION = YES;
				CLANG_WARN_NON_LITERAL_NULL_CONVERSION = YES;
				CLANG_WARN_OBJC_IMPLICIT_RETAIN_SELF = YES;
				CLANG_WARN_OBJC_LITERAL_CONVERSION = YES;
				CLANG_WARN_OBJC_ROOT_CLASS = YES_ERROR;
				CLANG_WARN_RANGE_LOOP_ANALYSIS = YES;
				CLANG_WARN_STRICT_PROTOTYPES = YES;
				CLANG_WARN_SUSPICIOUS_MOVE = YES;
				CLANG_WARN_UNGUARDED_AVAILABILITY = YES_AGGRESSIVE;
				CLANG_WARN_UNREACHABLE_CODE = YES;
				CLANG_WARN__DUPLICATE_METHOD_MATCH = YES;
				CODE_SIGN_IDENTITY = "iPhone Developer";
				COPY_PHASE_STRIP = NO;
				DEBUG_INFORMATION_FORMAT = "dwarf-with-dsym";
				DEVELOPMENT_TEAM = 6EX5494DXV;
				ENABLE_NS_ASSERTIONS = NO;
				ENABLE_STRICT_OBJC_MSGSEND = YES;
				GCC_C_LANGUAGE_STANDARD = gnu11;
				GCC_NO_COMMON_BLOCKS = YES;
				GCC_WARN_64_TO_32_BIT_CONVERSION = YES;
				GCC_WARN_ABOUT_RETURN_TYPE = YES_ERROR;
				GCC_WARN_UNDECLARED_SELECTOR = YES;
				GCC_WARN_UNINITIALIZED_AUTOS = YES_AGGRESSIVE;
				GCC_WARN_UNUSED_FUNCTION = YES;
				GCC_WARN_UNUSED_VARIABLE = YES;
				IPHONEOS_DEPLOYMENT_TARGET = 11.2;
				MTL_ENABLE_DEBUG_INFO = NO;
				SDKROOT = iphoneos;
				SWIFT_OPTIMIZATION_LEVEL = "-Owholemodule";
				VALIDATE_PRODUCT = YES;
			};
			name = Release;
		};
		D44A4CB2206F58F400581047 /* Debug */ = {
			isa = XCBuildConfiguration;
			baseConfigurationReference = 654C43E7FF417014703D4BAB /* Pods-PersonalRecords.debug.xcconfig */;
			buildSettings = {
				ASSETCATALOG_COMPILER_APPICON_NAME = AppIcon;
				ASSETCATALOG_COMPILER_LAUNCHIMAGE_NAME = LaunchImage;
				CLANG_ENABLE_MODULES = YES;
				"CODE_SIGN_IDENTITY[sdk=iphoneos*]" = "iPhone Developer";
				CODE_SIGN_STYLE = Automatic;
				DEVELOPMENT_TEAM = 6EX5494DXV;
				INFOPLIST_FILE = PersonalRecords/Info.plist;
				LD_RUNPATH_SEARCH_PATHS = "$(inherited) @executable_path/Frameworks";
				PRODUCT_BUNDLE_IDENTIFIER = Quinnter.PersonalRecords;
				PRODUCT_NAME = "$(TARGET_NAME)";
				PROVISIONING_PROFILE_SPECIFIER = "";
				SWIFT_OPTIMIZATION_LEVEL = "-Onone";
				SWIFT_VERSION = 4.0;
				TARGETED_DEVICE_FAMILY = "1,2";
			};
			name = Debug;
		};
		D44A4CB3206F58F400581047 /* Release */ = {
			isa = XCBuildConfiguration;
			baseConfigurationReference = 24916DD72E8CE386F9F5FA0B /* Pods-PersonalRecords.release.xcconfig */;
			buildSettings = {
				ASSETCATALOG_COMPILER_APPICON_NAME = AppIcon;
				ASSETCATALOG_COMPILER_LAUNCHIMAGE_NAME = LaunchImage;
				CLANG_ENABLE_MODULES = YES;
				"CODE_SIGN_IDENTITY[sdk=iphoneos*]" = "iPhone Developer";
				CODE_SIGN_STYLE = Automatic;
				DEVELOPMENT_TEAM = 6EX5494DXV;
				INFOPLIST_FILE = PersonalRecords/Info.plist;
				LD_RUNPATH_SEARCH_PATHS = "$(inherited) @executable_path/Frameworks";
				PRODUCT_BUNDLE_IDENTIFIER = Quinnter.PersonalRecords;
				PRODUCT_NAME = "$(TARGET_NAME)";
				PROVISIONING_PROFILE_SPECIFIER = "";
				SWIFT_VERSION = 4.0;
				TARGETED_DEVICE_FAMILY = "1,2";
			};
			name = Release;
		};
/* End XCBuildConfiguration section */

/* Begin XCConfigurationList section */
		D4201D3020D1FBB20091FA60 /* Build configuration list for PBXNativeTarget "PersonalRecordsTests" */ = {
			isa = XCConfigurationList;
			buildConfigurations = (
				D4201D2E20D1FBB20091FA60 /* Debug */,
				D4201D2F20D1FBB20091FA60 /* Release */,
			);
			defaultConfigurationIsVisible = 0;
			defaultConfigurationName = Release;
		};
		D44A4C9A206F58F400581047 /* Build configuration list for PBXProject "PersonalRecords" */ = {
			isa = XCConfigurationList;
			buildConfigurations = (
				D44A4CAF206F58F400581047 /* Debug */,
				D44A4CB0206F58F400581047 /* Release */,
			);
			defaultConfigurationIsVisible = 0;
			defaultConfigurationName = Release;
		};
		D44A4CB1206F58F400581047 /* Build configuration list for PBXNativeTarget "PersonalRecords" */ = {
			isa = XCConfigurationList;
			buildConfigurations = (
				D44A4CB2206F58F400581047 /* Debug */,
				D44A4CB3206F58F400581047 /* Release */,
			);
			defaultConfigurationIsVisible = 0;
			defaultConfigurationName = Release;
		};
/* End XCConfigurationList section */

/* Begin XCVersionGroup section */
		D45DA1C920747C13002950A8 /* Record.xcdatamodeld */ = {
			isa = XCVersionGroup;
			children = (
				D4163EAF20E1F0B300D41DBF /* Record 3.xcdatamodel */,
				D4A5BBA3207F108000077D92 /* Record 2.xcdatamodel */,
				D45DA1CA20747C13002950A8 /* Record.xcdatamodel */,
			);
			currentVersion = D4163EAF20E1F0B300D41DBF /* Record 3.xcdatamodel */;
			path = Record.xcdatamodeld;
			sourceTree = "<group>";
			versionGroupType = wrapper.xcdatamodel;
		};
/* End XCVersionGroup section */
	};
	rootObject = D44A4C97206F58F400581047 /* Project object */;
}
