// !$*UTF8*$!
{
	archiveVersion = 1;
	classes = {
	};
	objectVersion = 48;
	objects = {

/* Begin PBXBuildFile section */
		D44A4CA3206F58F400581047 /* AppDelegate.swift in Sources */ = {isa = PBXBuildFile; fileRef = D44A4CA2206F58F400581047 /* AppDelegate.swift */; };
		D44A4CA5206F58F400581047 /* ViewController.swift in Sources */ = {isa = PBXBuildFile; fileRef = D44A4CA4206F58F400581047 /* ViewController.swift */; };
		D44A4CA8206F58F400581047 /* Main.storyboard in Resources */ = {isa = PBXBuildFile; fileRef = D44A4CA6206F58F400581047 /* Main.storyboard */; };
		D44A4CAA206F58F400581047 /* Assets.xcassets in Resources */ = {isa = PBXBuildFile; fileRef = D44A4CA9206F58F400581047 /* Assets.xcassets */; };
		D44A4CAD206F58F400581047 /* LaunchScreen.storyboard in Resources */ = {isa = PBXBuildFile; fileRef = D44A4CAB206F58F400581047 /* LaunchScreen.storyboard */; };
		D44A4CB5206F5C8B00581047 /* Record.swift in Sources */ = {isa = PBXBuildFile; fileRef = D44A4CB4206F5C8B00581047 /* Record.swift */; };
		D44A4CBA20703B2200581047 /* EditRecordViewController.swift in Sources */ = {isa = PBXBuildFile; fileRef = D44A4CB920703B2200581047 /* EditRecordViewController.swift */; };
		D45DA1CB20747C13002950A8 /* Record.xcdatamodeld in Sources */ = {isa = PBXBuildFile; fileRef = D45DA1C920747C13002950A8 /* Record.xcdatamodeld */; };
		D45DA1CD20747C46002950A8 /* CoreDataStack.swift in Sources */ = {isa = PBXBuildFile; fileRef = D45DA1CC20747C46002950A8 /* CoreDataStack.swift */; };
		D45DA1CF20773760002950A8 /* RecordModel.swift in Sources */ = {isa = PBXBuildFile; fileRef = D45DA1CE20773760002950A8 /* RecordModel.swift */; };
		D45DA1D120798106002950A8 /* Sport.swift in Sources */ = {isa = PBXBuildFile; fileRef = D45DA1D020798106002950A8 /* Sport.swift */; };
		D45DA1D32079BFB4002950A8 /* CreateViewController.swift in Sources */ = {isa = PBXBuildFile; fileRef = D45DA1D22079BFB4002950A8 /* CreateViewController.swift */; };
/* End PBXBuildFile section */

/* Begin PBXFileReference section */
		D44A4C9F206F58F400581047 /* PersonalRecords.app */ = {isa = PBXFileReference; explicitFileType = wrapper.application; includeInIndex = 0; path = PersonalRecords.app; sourceTree = BUILT_PRODUCTS_DIR; };
		D44A4CA2206F58F400581047 /* AppDelegate.swift */ = {isa = PBXFileReference; lastKnownFileType = sourcecode.swift; path = AppDelegate.swift; sourceTree = "<group>"; };
		D44A4CA4206F58F400581047 /* ViewController.swift */ = {isa = PBXFileReference; lastKnownFileType = sourcecode.swift; path = ViewController.swift; sourceTree = "<group>"; };
		D44A4CA7206F58F400581047 /* Base */ = {isa = PBXFileReference; lastKnownFileType = file.storyboard; name = Base; path = Base.lproj/Main.storyboard; sourceTree = "<group>"; };
		D44A4CA9206F58F400581047 /* Assets.xcassets */ = {isa = PBXFileReference; lastKnownFileType = folder.assetcatalog; path = Assets.xcassets; sourceTree = "<group>"; };
		D44A4CAC206F58F400581047 /* Base */ = {isa = PBXFileReference; lastKnownFileType = file.storyboard; name = Base; path = Base.lproj/LaunchScreen.storyboard; sourceTree = "<group>"; };
		D44A4CAE206F58F400581047 /* Info.plist */ = {isa = PBXFileReference; lastKnownFileType = text.plist.xml; path = Info.plist; sourceTree = "<group>"; };
		D44A4CB4206F5C8B00581047 /* Record.swift */ = {isa = PBXFileReference; lastKnownFileType = sourcecode.swift; path = Record.swift; sourceTree = "<group>"; };
		D44A4CB920703B2200581047 /* EditRecordViewController.swift */ = {isa = PBXFileReference; lastKnownFileType = sourcecode.swift; path = EditRecordViewController.swift; sourceTree = "<group>"; };
		D45DA1CA20747C13002950A8 /* Record.xcdatamodel */ = {isa = PBXFileReference; lastKnownFileType = wrapper.xcdatamodel; path = Record.xcdatamodel; sourceTree = "<group>"; };
		D45DA1CC20747C46002950A8 /* CoreDataStack.swift */ = {isa = PBXFileReference; lastKnownFileType = sourcecode.swift; path = CoreDataStack.swift; sourceTree = "<group>"; };
		D45DA1CE20773760002950A8 /* RecordModel.swift */ = {isa = PBXFileReference; lastKnownFileType = sourcecode.swift; path = RecordModel.swift; sourceTree = "<group>"; };
		D45DA1D020798106002950A8 /* Sport.swift */ = {isa = PBXFileReference; lastKnownFileType = sourcecode.swift; path = Sport.swift; sourceTree = "<group>"; };
		D45DA1D22079BFB4002950A8 /* CreateViewController.swift */ = {isa = PBXFileReference; lastKnownFileType = sourcecode.swift; path = CreateViewController.swift; sourceTree = "<group>"; };
/* End PBXFileReference section */

/* Begin PBXFrameworksBuildPhase section */
		D44A4C9C206F58F400581047 /* Frameworks */ = {
			isa = PBXFrameworksBuildPhase;
			buildActionMask = 2147483647;
			files = (
			);
			runOnlyForDeploymentPostprocessing = 0;
		};
/* End PBXFrameworksBuildPhase section */

/* Begin PBXGroup section */
		D44A4C96206F58F400581047 = {
			isa = PBXGroup;
			children = (
				D44A4CA1206F58F400581047 /* PersonalRecords */,
				D44A4CA0206F58F400581047 /* Products */,
			);
			sourceTree = "<group>";
		};
		D44A4CA0206F58F400581047 /* Products */ = {
			isa = PBXGroup;
			children = (
				D44A4C9F206F58F400581047 /* PersonalRecords.app */,
			);
			name = Products;
			sourceTree = "<group>";
		};
		D44A4CA1206F58F400581047 /* PersonalRecords */ = {
			isa = PBXGroup;
			children = (
				D45DA1C820747BF3002950A8 /* Models */,
				D44A4CA2206F58F400581047 /* AppDelegate.swift */,
				D44A4CA4206F58F400581047 /* ViewController.swift */,
				D44A4CA6206F58F400581047 /* Main.storyboard */,
				D44A4CA9206F58F400581047 /* Assets.xcassets */,
				D44A4CAB206F58F400581047 /* LaunchScreen.storyboard */,
				D44A4CAE206F58F400581047 /* Info.plist */,
				D44A4CB4206F5C8B00581047 /* Record.swift */,
				D44A4CB920703B2200581047 /* EditRecordViewController.swift */,
				D45DA1CC20747C46002950A8 /* CoreDataStack.swift */,
				D45DA1D22079BFB4002950A8 /* CreateViewController.swift */,
			);
			path = PersonalRecords;
			sourceTree = "<group>";
		};
		D45DA1C820747BF3002950A8 /* Models */ = {
			isa = PBXGroup;
			children = (
				D45DA1C920747C13002950A8 /* Record.xcdatamodeld */,
				D45DA1CE20773760002950A8 /* RecordModel.swift */,
				D45DA1D020798106002950A8 /* Sport.swift */,
			);
			path = Models;
			sourceTree = "<group>";
		};
/* End PBXGroup section */

/* Begin PBXNativeTarget section */
		D44A4C9E206F58F400581047 /* PersonalRecords */ = {
			isa = PBXNativeTarget;
			buildConfigurationList = D44A4CB1206F58F400581047 /* Build configuration list for PBXNativeTarget "PersonalRecords" */;
			buildPhases = (
				D44A4C9B206F58F400581047 /* Sources */,
				D44A4C9C206F58F400581047 /* Frameworks */,
				D44A4C9D206F58F400581047 /* Resources */,
			);
			buildRules = (
			);
			dependencies = (
			);
			name = PersonalRecords;
			productName = PersonalRecords;
			productReference = D44A4C9F206F58F400581047 /* PersonalRecords.app */;
			productType = "com.apple.product-type.application";
		};
/* End PBXNativeTarget section */

/* Begin PBXProject section */
		D44A4C97206F58F400581047 /* Project object */ = {
			isa = PBXProject;
			attributes = {
				LastSwiftUpdateCheck = 0920;
				LastUpgradeCheck = 0920;
				ORGANIZATIONNAME = Quinnter;
				TargetAttributes = {
					D44A4C9E206F58F400581047 = {
						CreatedOnToolsVersion = 9.2;
						LastSwiftMigration = 0920;
						ProvisioningStyle = Automatic;
					};
				};
			};
			buildConfigurationList = D44A4C9A206F58F400581047 /* Build configuration list for PBXProject "PersonalRecords" */;
			compatibilityVersion = "Xcode 8.0";
			developmentRegion = en;
			hasScannedForEncodings = 0;
			knownRegions = (
				en,
				Base,
			);
			mainGroup = D44A4C96206F58F400581047;
			productRefGroup = D44A4CA0206F58F400581047 /* Products */;
			projectDirPath = "";
			projectRoot = "";
			targets = (
				D44A4C9E206F58F400581047 /* PersonalRecords */,
			);
		};
/* End PBXProject section */

/* Begin PBXResourcesBuildPhase section */
		D44A4C9D206F58F400581047 /* Resources */ = {
			isa = PBXResourcesBuildPhase;
			buildActionMask = 2147483647;
			files = (
				D44A4CAD206F58F400581047 /* LaunchScreen.storyboard in Resources */,
				D44A4CAA206F58F400581047 /* Assets.xcassets in Resources */,
				D44A4CA8206F58F400581047 /* Main.storyboard in Resources */,
			);
			runOnlyForDeploymentPostprocessing = 0;
		};
/* End PBXResourcesBuildPhase section */

/* Begin PBXSourcesBuildPhase section */
		D44A4C9B206F58F400581047 /* Sources */ = {
			isa = PBXSourcesBuildPhase;
			buildActionMask = 2147483647;
			files = (
				D44A4CA5206F58F400581047 /* ViewController.swift in Sources */,
				D44A4CBA20703B2200581047 /* EditRecordViewController.swift in Sources */,
				D45DA1D32079BFB4002950A8 /* CreateViewController.swift in Sources */,
				D44A4CA3206F58F400581047 /* AppDelegate.swift in Sources */,
				D45DA1CD20747C46002950A8 /* CoreDataStack.swift in Sources */,
				D45DA1CF20773760002950A8 /* RecordModel.swift in Sources */,
				D44A4CB5206F5C8B00581047 /* Record.swift in Sources */,
				D45DA1D120798106002950A8 /* Sport.swift in Sources */,
				D45DA1CB20747C13002950A8 /* Record.xcdatamodeld in Sources */,
			);
			runOnlyForDeploymentPostprocessing = 0;
		};
/* End PBXSourcesBuildPhase section */

/* Begin PBXVariantGroup section */
		D44A4CA6206F58F400581047 /* Main.storyboard */ = {
			isa = PBXVariantGroup;
			children = (
				D44A4CA7206F58F400581047 /* Base */,
			);
			name = Main.storyboard;
			sourceTree = "<group>";
		};
		D44A4CAB206F58F400581047 /* LaunchScreen.storyboard */ = {
			isa = PBXVariantGroup;
			children = (
				D44A4CAC206F58F400581047 /* Base */,
			);
			name = LaunchScreen.storyboard;
			sourceTree = "<group>";
		};
/* End PBXVariantGroup section */

/* Begin XCBuildConfiguration section */
		D44A4CAF206F58F400581047 /* Debug */ = {
			isa = XCBuildConfiguration;
			buildSettings = {
				ALWAYS_SEARCH_USER_PATHS = NO;
				CLANG_ANALYZER_NONNULL = YES;
				CLANG_ANALYZER_NUMBER_OBJECT_CONVERSION = YES_AGGRESSIVE;
				CLANG_CXX_LANGUAGE_STANDARD = "gnu++14";
				CLANG_CXX_LIBRARY = "libc++";
				CLANG_ENABLE_MODULES = YES;
				CLANG_ENABLE_OBJC_ARC = YES;
				CLANG_WARN_BLOCK_CAPTURE_AUTORELEASING = YES;
				CLANG_WARN_BOOL_CONVERSION = YES;
				CLANG_WARN_COMMA = YES;
				CLANG_WARN_CONSTANT_CONVERSION = YES;
				CLANG_WARN_DIRECT_OBJC_ISA_USAGE = YES_ERROR;
				CLANG_WARN_DOCUMENTATION_COMMENTS = YES;
				CLANG_WARN_EMPTY_BODY = YES;
				CLANG_WARN_ENUM_CONVERSION = YES;
				CLANG_WARN_INFINITE_RECURSION = YES;
				CLANG_WARN_INT_CONVERSION = YES;
				CLANG_WARN_NON_LITERAL_NULL_CONVERSION = YES;
				CLANG_WARN_OBJC_LITERAL_CONVERSION = YES;
				CLANG_WARN_OBJC_ROOT_CLASS = YES_ERROR;
				CLANG_WARN_RANGE_LOOP_ANALYSIS = YES;
				CLANG_WARN_STRICT_PROTOTYPES = YES;
				CLANG_WARN_SUSPICIOUS_MOVE = YES;
				CLANG_WARN_UNGUARDED_AVAILABILITY = YES_AGGRESSIVE;
				CLANG_WARN_UNREACHABLE_CODE = YES;
				CLANG_WARN__DUPLICATE_METHOD_MATCH = YES;
				CODE_SIGN_IDENTITY = "iPhone Developer";
				COPY_PHASE_STRIP = NO;
				DEBUG_INFORMATION_FORMAT = dwarf;
				ENABLE_STRICT_OBJC_MSGSEND = YES;
				ENABLE_TESTABILITY = YES;
				GCC_C_LANGUAGE_STANDARD = gnu11;
				GCC_DYNAMIC_NO_PIC = NO;
				GCC_NO_COMMON_BLOCKS = YES;
				GCC_OPTIMIZATION_LEVEL = 0;
				GCC_PREPROCESSOR_DEFINITIONS = (
					"DEBUG=1",
					"$(inherited)",
				);
				GCC_WARN_64_TO_32_BIT_CONVERSION = YES;
				GCC_WARN_ABOUT_RETURN_TYPE = YES_ERROR;
				GCC_WARN_UNDECLARED_SELECTOR = YES;
				GCC_WARN_UNINITIALIZED_AUTOS = YES_AGGRESSIVE;
				GCC_WARN_UNUSED_FUNCTION = YES;
				GCC_WARN_UNUSED_VARIABLE = YES;
				IPHONEOS_DEPLOYMENT_TARGET = 11.2;
				MTL_ENABLE_DEBUG_INFO = YES;
				ONLY_ACTIVE_ARCH = YES;
				SDKROOT = iphoneos;
				SWIFT_ACTIVE_COMPILATION_CONDITIONS = DEBUG;
				SWIFT_OPTIMIZATION_LEVEL = "-Onone";
			};
			name = Debug;
		};
		D44A4CB0206F58F400581047 /* Release */ = {
			isa = XCBuildConfiguration;
			buildSettings = {
				ALWAYS_SEARCH_USER_PATHS = NO;
				CLANG_ANALYZER_NONNULL = YES;
				CLANG_ANALYZER_NUMBER_OBJECT_CONVERSION = YES_AGGRESSIVE;
				CLANG_CXX_LANGUAGE_STANDARD = "gnu++14";
				CLANG_CXX_LIBRARY = "libc++";
				CLANG_ENABLE_MODULES = YES;
				CLANG_ENABLE_OBJC_ARC = YES;
				CLANG_WARN_BLOCK_CAPTURE_AUTORELEASING = YES;
				CLANG_WARN_BOOL_CONVERSION = YES;
				CLANG_WARN_COMMA = YES;
				CLANG_WARN_CONSTANT_CONVERSION = YES;
				CLANG_WARN_DIRECT_OBJC_ISA_USAGE = YES_ERROR;
				CLANG_WARN_DOCUMENTATION_COMMENTS = YES;
				CLANG_WARN_EMPTY_BODY = YES;
				CLANG_WARN_ENUM_CONVERSION = YES;
				CLANG_WARN_INFINITE_RECURSION = YES;
				CLANG_WARN_INT_CONVERSION = YES;
				CLANG_WARN_NON_LITERAL_NULL_CONVERSION = YES;
				CLANG_WARN_OBJC_LITERAL_CONVERSION = YES;
				CLANG_WARN_OBJC_ROOT_CLASS = YES_ERROR;
				CLANG_WARN_RANGE_LOOP_ANALYSIS = YES;
				CLANG_WARN_STRICT_PROTOTYPES = YES;
				CLANG_WARN_SUSPICIOUS_MOVE = YES;
				CLANG_WARN_UNGUARDED_AVAILABILITY = YES_AGGRESSIVE;
				CLANG_WARN_UNREACHABLE_CODE = YES;
				CLANG_WARN__DUPLICATE_METHOD_MATCH = YES;
				CODE_SIGN_IDENTITY = "iPhone Developer";
				COPY_PHASE_STRIP = NO;
				DEBUG_INFORMATION_FORMAT = "dwarf-with-dsym";
				ENABLE_NS_ASSERTIONS = NO;
				ENABLE_STRICT_OBJC_MSGSEND = YES;
				GCC_C_LANGUAGE_STANDARD = gnu11;
				GCC_NO_COMMON_BLOCKS = YES;
				GCC_WARN_64_TO_32_BIT_CONVERSION = YES;
				GCC_WARN_ABOUT_RETURN_TYPE = YES_ERROR;
				GCC_WARN_UNDECLARED_SELECTOR = YES;
				GCC_WARN_UNINITIALIZED_AUTOS = YES_AGGRESSIVE;
				GCC_WARN_UNUSED_FUNCTION = YES;
				GCC_WARN_UNUSED_VARIABLE = YES;
				IPHONEOS_DEPLOYMENT_TARGET = 11.2;
				MTL_ENABLE_DEBUG_INFO = NO;
				SDKROOT = iphoneos;
				SWIFT_OPTIMIZATION_LEVEL = "-Owholemodule";
				VALIDATE_PRODUCT = YES;
			};
			name = Release;
		};
		D44A4CB2206F58F400581047 /* Debug */ = {
			isa = XCBuildConfiguration;
			buildSettings = {
				ASSETCATALOG_COMPILER_APPICON_NAME = AppIcon;
				CLANG_ENABLE_MODULES = YES;
				"CODE_SIGN_IDENTITY[sdk=iphoneos*]" = "iPhone Developer";
				CODE_SIGN_STYLE = Automatic;
				DEVELOPMENT_TEAM = "";
				INFOPLIST_FILE = PersonalRecords/Info.plist;
				LD_RUNPATH_SEARCH_PATHS = "$(inherited) @executable_path/Frameworks";
				PRODUCT_BUNDLE_IDENTIFIER = Quinnter.PersonalRecords;
				PRODUCT_NAME = "$(TARGET_NAME)";
				PROVISIONING_PROFILE_SPECIFIER = "";
				SWIFT_OPTIMIZATION_LEVEL = "-Onone";
				SWIFT_VERSION = 4.0;
				TARGETED_DEVICE_FAMILY = "1,2";
			};
			name = Debug;
		};
		D44A4CB3206F58F400581047 /* Release */ = {
			isa = XCBuildConfiguration;
			buildSettings = {
				ASSETCATALOG_COMPILER_APPICON_NAME = AppIcon;
				CLANG_ENABLE_MODULES = YES;
				"CODE_SIGN_IDENTITY[sdk=iphoneos*]" = "iPhone Developer";
				CODE_SIGN_STYLE = Automatic;
				DEVELOPMENT_TEAM = "";
				INFOPLIST_FILE = PersonalRecords/Info.plist;
				LD_RUNPATH_SEARCH_PATHS = "$(inherited) @executable_path/Frameworks";
				PRODUCT_BUNDLE_IDENTIFIER = Quinnter.PersonalRecords;
				PRODUCT_NAME = "$(TARGET_NAME)";
				PROVISIONING_PROFILE_SPECIFIER = "";
				SWIFT_VERSION = 4.0;
				TARGETED_DEVICE_FAMILY = "1,2";
			};
			name = Release;
		};
/* End XCBuildConfiguration section */

/* Begin XCConfigurationList section */
		D44A4C9A206F58F400581047 /* Build configuration list for PBXProject "PersonalRecords" */ = {
			isa = XCConfigurationList;
			buildConfigurations = (
				D44A4CAF206F58F400581047 /* Debug */,
				D44A4CB0206F58F400581047 /* Release */,
			);
			defaultConfigurationIsVisible = 0;
			defaultConfigurationName = Release;
		};
		D44A4CB1206F58F400581047 /* Build configuration list for PBXNativeTarget "PersonalRecords" */ = {
			isa = XCConfigurationList;
			buildConfigurations = (
				D44A4CB2206F58F400581047 /* Debug */,
				D44A4CB3206F58F400581047 /* Release */,
			);
			defaultConfigurationIsVisible = 0;
			defaultConfigurationName = Release;
		};
/* End XCConfigurationList section */

/* Begin XCVersionGroup section */
		D45DA1C920747C13002950A8 /* Record.xcdatamodeld */ = {
			isa = XCVersionGroup;
			children = (
				D45DA1CA20747C13002950A8 /* Record.xcdatamodel */,
			);
			currentVersion = D45DA1CA20747C13002950A8 /* Record.xcdatamodel */;
			path = Record.xcdatamodeld;
			sourceTree = "<group>";
			versionGroupType = wrapper.xcdatamodel;
		};
/* End XCVersionGroup section */
	};
	rootObject = D44A4C97206F58F400581047 /* Project object */;
}
